
Microsoft Visual Studio Solution File, Format Version 12.00
# Visual Studio Version 17
VisualStudioVersion = 17.5.002.0
MinimumVisualStudioVersion = 10.0.40219.1
Project("{9A19103F-16F7-4668-BE54-9A1E7A4F7556}") = "shoot_me_up", "shoot_me_up.csproj", "{D9F6B623-091A-446D-8738-D4DCB6D2E3F7}"
EndProject
Global
	GlobalSection(SolutionConfigurationPlatforms) = preSolution
		Debug|Any CPU = Debug|Any CPU
		Release|Any CPU = Release|Any CPU
	EndGlobalSection
	GlobalSection(ProjectConfigurationPlatforms) = postSolution
		{D9F6B623-091A-446D-8738-D4DCB6D2E3F7}.Debug|Any CPU.ActiveCfg = Debug|Any CPU
		{D9F6B623-091A-446D-8738-D4DCB6D2E3F7}.Debug|Any CPU.Build.0 = Debug|Any CPU
		{D9F6B623-091A-446D-8738-D4DCB6D2E3F7}.Release|Any CPU.ActiveCfg = Release|Any CPU
		{D9F6B623-091A-446D-8738-D4DCB6D2E3F7}.Release|Any CPU.Build.0 = Release|Any CPU
	EndGlobalSection
	GlobalSection(SolutionProperties) = preSolution
		HideSolutionNode = FALSE
	EndGlobalSection
	GlobalSection(ExtensibilityGlobals) = postSolution
		SolutionGuid = {35BDFB0D-5953-4A88-A7AC-EA86BD5B56E1}
	EndGlobalSection
EndGlobal
