
Microsoft Visual Studio Solution File, Format Version 12.00
# Visual Studio 15
VisualStudioVersion = 15.0.28307.852
MinimumVisualStudioVersion = 10.0.40219.1
Project("{FAE04EC0-301F-11D3-BF4B-00C04F79EFBC}") = "SpicyInvader2", "SpicyInvader2\SpicyInvader2.csproj", "{E82120DF-0FF2-41B4-9900-480D6D779AC7}"
EndProject
Global
	GlobalSection(SolutionConfigurationPlatforms) = preSolution
		Debug|Any CPU = Debug|Any CPU
		Release|Any CPU = Release|Any CPU
	EndGlobalSection
	GlobalSection(ProjectConfigurationPlatforms) = postSolution
		{E82120DF-0FF2-41B4-9900-480D6D779AC7}.Debug|Any CPU.ActiveCfg = Debug|Any CPU
		{E82120DF-0FF2-41B4-9900-480D6D779AC7}.Debug|Any CPU.Build.0 = Debug|Any CPU
		{E82120DF-0FF2-41B4-9900-480D6D779AC7}.Release|Any CPU.ActiveCfg = Release|Any CPU
		{E82120DF-0FF2-41B4-9900-480D6D779AC7}.Release|Any CPU.Build.0 = Release|Any CPU
	EndGlobalSection
	GlobalSection(SolutionProperties) = preSolution
		HideSolutionNode = FALSE
	EndGlobalSection
	GlobalSection(ExtensibilityGlobals) = postSolution
		SolutionGuid = {6C6F06D3-EC3B-4B89-BC83-45CD12D83AFD}
	EndGlobalSection
EndGlobal
